
Microsoft Visual Studio Solution File, Format Version 12.00
# Visual Studio 15
VisualStudioVersion = 15.0.28307.1062
MinimumVisualStudioVersion = 10.0.40219.1
Project("{FAE04EC0-301F-11D3-BF4B-00C04F79EFBC}") = "Homework7", "Homework7\Homework7.csproj", "{9858EABE-6789-4C7D-8478-54A8871BA04A}"
EndProject
Global
	GlobalSection(SolutionConfigurationPlatforms) = preSolution
		Debug|Any CPU = Debug|Any CPU
		Release|Any CPU = Release|Any CPU
	EndGlobalSection
	GlobalSection(ProjectConfigurationPlatforms) = postSolution
		{9858EABE-6789-4C7D-8478-54A8871BA04A}.Debug|Any CPU.ActiveCfg = Debug|Any CPU
		{9858EABE-6789-4C7D-8478-54A8871BA04A}.Debug|Any CPU.Build.0 = Debug|Any CPU
		{9858EABE-6789-4C7D-8478-54A8871BA04A}.Release|Any CPU.ActiveCfg = Release|Any CPU
		{9858EABE-6789-4C7D-8478-54A8871BA04A}.Release|Any CPU.Build.0 = Release|Any CPU
	EndGlobalSection
	GlobalSection(SolutionProperties) = preSolution
		HideSolutionNode = FALSE
	EndGlobalSection
	GlobalSection(ExtensibilityGlobals) = postSolution
		SolutionGuid = {849C9ED6-721C-46F5-B573-862F0D2A1989}
	EndGlobalSection
EndGlobal
