
Microsoft Visual Studio Solution File, Format Version 12.00
# Visual Studio 15
VisualStudioVersion = 15.0.28307.168
MinimumVisualStudioVersion = 10.0.40219.1
Project("{FAE04EC0-301F-11D3-BF4B-00C04F79EFBC}") = "Homework4-1", "Homework4-1\Homework4-1.csproj", "{F4151526-96E4-44FA-B8DD-A51C3630ACFC}"
EndProject
Project("{FAE04EC0-301F-11D3-BF4B-00C04F79EFBC}") = "Homework4-2", "Homework4-2\Homework4-2.csproj", "{98F7FEBC-5313-4F99-BBE4-B7F0A5E9CA86}"
EndProject
Global
	GlobalSection(SolutionConfigurationPlatforms) = preSolution
		Debug|Any CPU = Debug|Any CPU
		Release|Any CPU = Release|Any CPU
	EndGlobalSection
	GlobalSection(ProjectConfigurationPlatforms) = postSolution
		{F4151526-96E4-44FA-B8DD-A51C3630ACFC}.Debug|Any CPU.ActiveCfg = Debug|Any CPU
		{F4151526-96E4-44FA-B8DD-A51C3630ACFC}.Debug|Any CPU.Build.0 = Debug|Any CPU
		{F4151526-96E4-44FA-B8DD-A51C3630ACFC}.Release|Any CPU.ActiveCfg = Release|Any CPU
		{F4151526-96E4-44FA-B8DD-A51C3630ACFC}.Release|Any CPU.Build.0 = Release|Any CPU
		{98F7FEBC-5313-4F99-BBE4-B7F0A5E9CA86}.Debug|Any CPU.ActiveCfg = Debug|Any CPU
		{98F7FEBC-5313-4F99-BBE4-B7F0A5E9CA86}.Debug|Any CPU.Build.0 = Debug|Any CPU
		{98F7FEBC-5313-4F99-BBE4-B7F0A5E9CA86}.Release|Any CPU.ActiveCfg = Release|Any CPU
		{98F7FEBC-5313-4F99-BBE4-B7F0A5E9CA86}.Release|Any CPU.Build.0 = Release|Any CPU
	EndGlobalSection
	GlobalSection(SolutionProperties) = preSolution
		HideSolutionNode = FALSE
	EndGlobalSection
	GlobalSection(ExtensibilityGlobals) = postSolution
		SolutionGuid = {22FA5888-BD02-4C80-AC74-3969BC7E01BA}
	EndGlobalSection
EndGlobal
