
Microsoft Visual Studio Solution File, Format Version 12.00
# Visual Studio 15
VisualStudioVersion = 15.0.28307.168
MinimumVisualStudioVersion = 10.0.40219.1
Project("{FAE04EC0-301F-11D3-BF4B-00C04F79EFBC}") = "Homework2_1", "Homework2_1\Homework2_1.csproj", "{606849EB-7239-4A79-8E6E-37465E3D766B}"
EndProject
Project("{FAE04EC0-301F-11D3-BF4B-00C04F79EFBC}") = "Homework2_2", "Homework2_2\Homework2_2.csproj", "{A76D2E5F-E79C-492E-8DCD-814B43291CDA}"
EndProject
Project("{FAE04EC0-301F-11D3-BF4B-00C04F79EFBC}") = "Homework2_3", "Homework2_3\Homework2_3.csproj", "{2E4F44E5-4336-4C44-A23D-44A3E15AAECE}"
EndProject
Global
	GlobalSection(SolutionConfigurationPlatforms) = preSolution
		Debug|Any CPU = Debug|Any CPU
		Release|Any CPU = Release|Any CPU
	EndGlobalSection
	GlobalSection(ProjectConfigurationPlatforms) = postSolution
		{606849EB-7239-4A79-8E6E-37465E3D766B}.Debug|Any CPU.ActiveCfg = Debug|Any CPU
		{606849EB-7239-4A79-8E6E-37465E3D766B}.Debug|Any CPU.Build.0 = Debug|Any CPU
		{606849EB-7239-4A79-8E6E-37465E3D766B}.Release|Any CPU.ActiveCfg = Release|Any CPU
		{606849EB-7239-4A79-8E6E-37465E3D766B}.Release|Any CPU.Build.0 = Release|Any CPU
		{A76D2E5F-E79C-492E-8DCD-814B43291CDA}.Debug|Any CPU.ActiveCfg = Debug|Any CPU
		{A76D2E5F-E79C-492E-8DCD-814B43291CDA}.Debug|Any CPU.Build.0 = Debug|Any CPU
		{A76D2E5F-E79C-492E-8DCD-814B43291CDA}.Release|Any CPU.ActiveCfg = Release|Any CPU
		{A76D2E5F-E79C-492E-8DCD-814B43291CDA}.Release|Any CPU.Build.0 = Release|Any CPU
		{2E4F44E5-4336-4C44-A23D-44A3E15AAECE}.Debug|Any CPU.ActiveCfg = Debug|Any CPU
		{2E4F44E5-4336-4C44-A23D-44A3E15AAECE}.Debug|Any CPU.Build.0 = Debug|Any CPU
		{2E4F44E5-4336-4C44-A23D-44A3E15AAECE}.Release|Any CPU.ActiveCfg = Release|Any CPU
		{2E4F44E5-4336-4C44-A23D-44A3E15AAECE}.Release|Any CPU.Build.0 = Release|Any CPU
	EndGlobalSection
	GlobalSection(SolutionProperties) = preSolution
		HideSolutionNode = FALSE
	EndGlobalSection
	GlobalSection(ExtensibilityGlobals) = postSolution
		SolutionGuid = {5644960F-E0A6-490B-BF9B-2ADF93BCF8E8}
	EndGlobalSection
EndGlobal
